{
  "originHash" : "f268eed68259bbd9c684419ecebe8d3905775f8cdb14e48c54d864954913ec33",
  "pins" : [
    {
      "identity" : "chesskit-engine",
      "kind" : "remoteSourceControl",
      "location" : "https://github.com/chesskit-app/chesskit-engine",
      "state" : {
        "revision" : "a2b47697e5f90418623a1e06c58fd36cd3289fca",
        "version" : "0.7.0"
      }
    }
  ],
  "version" : 3
}
